
Microsoft Visual Studio Solution File, Format Version 10.00
# Visual C# Express 2008
Project("{FAE04EC0-301F-11D3-BF4B-00C04F79EFBC}") = "Alert_handle", "Alert_handle\Alert_handle.csproj", "{8D7F0142-5002-47E1-AFC2-93E8B4AFC8EB}"
EndProject
Global
	GlobalSection(SolutionConfigurationPlatforms) = preSolution
		Debug|Any CPU = Debug|Any CPU
		Release|Any CPU = Release|Any CPU
	EndGlobalSection
	GlobalSection(ProjectConfigurationPlatforms) = postSolution
		{8D7F0142-5002-47E1-AFC2-93E8B4AFC8EB}.Debug|Any CPU.ActiveCfg = Debug|Any CPU
		{8D7F0142-5002-47E1-AFC2-93E8B4AFC8EB}.Debug|Any CPU.Build.0 = Debug|Any CPU
		{8D7F0142-5002-47E1-AFC2-93E8B4AFC8EB}.Release|Any CPU.ActiveCfg = Release|Any CPU
		{8D7F0142-5002-47E1-AFC2-93E8B4AFC8EB}.Release|Any CPU.Build.0 = Release|Any CPU
	EndGlobalSection
	GlobalSection(SolutionProperties) = preSolution
		HideSolutionNode = FALSE
	EndGlobalSection
EndGlobal
